
Microsoft Visual Studio Solution File, Format Version 12.00
# Visual Studio Version 17
VisualStudioVersion = 17.11.35222.181
MinimumVisualStudioVersion = 10.0.40219.1
Project("{8BC9CEB8-8B4A-11D0-8D11-00A0C91BC942}") = "Tarea de ajedrez", "Tarea de ajedrez\Tarea de ajedrez.vcxproj", "{4BFC55F4-4869-4DF2-9541-61E21360028D}"
EndProject
Global
	GlobalSection(SolutionConfigurationPlatforms) = preSolution
		Debug|x64 = Debug|x64
		Debug|x86 = Debug|x86
		Release|x64 = Release|x64
		Release|x86 = Release|x86
	EndGlobalSection
	GlobalSection(ProjectConfigurationPlatforms) = postSolution
		{4BFC55F4-4869-4DF2-9541-61E21360028D}.Debug|x64.ActiveCfg = Debug|x64
		{4BFC55F4-4869-4DF2-9541-61E21360028D}.Debug|x64.Build.0 = Debug|x64
		{4BFC55F4-4869-4DF2-9541-61E21360028D}.Debug|x86.ActiveCfg = Debug|Win32
		{4BFC55F4-4869-4DF2-9541-61E21360028D}.Debug|x86.Build.0 = Debug|Win32
		{4BFC55F4-4869-4DF2-9541-61E21360028D}.Release|x64.ActiveCfg = Release|x64
		{4BFC55F4-4869-4DF2-9541-61E21360028D}.Release|x64.Build.0 = Release|x64
		{4BFC55F4-4869-4DF2-9541-61E21360028D}.Release|x86.ActiveCfg = Release|Win32
		{4BFC55F4-4869-4DF2-9541-61E21360028D}.Release|x86.Build.0 = Release|Win32
	EndGlobalSection
	GlobalSection(SolutionProperties) = preSolution
		HideSolutionNode = FALSE
	EndGlobalSection
	GlobalSection(ExtensibilityGlobals) = postSolution
		SolutionGuid = {BACBE34A-8D24-4B6A-A673-60E81B53CA0B}
	EndGlobalSection
EndGlobal
